{
  "object": {
    "pins": [
      {
        "package": "CwlCatchException",
        "repositoryURL": "https://github.com/mattgallagher/CwlCatchException.git",
        "state": {
          "branch": null,
          "revision": "3b123999de19bf04905bc1dfdb76f817b0f2cc00",
          "version": "2.1.2"
        }
      },
      {
        "package": "CwlPreconditionTesting",
        "repositoryURL": "https://github.com/mattgallagher/CwlPreconditionTesting.git",
        "state": {
          "branch": null,
          "revision": "dc9af4781f2afdd1e68e90f80b8603be73ea7abc",
          "version": "2.2.0"
        }
      },
      {
        "package": "LASwift",
        "repositoryURL": "https://github.com/alexandertar/LASwift",
        "state": {
          "branch": null,
          "revision": "85271d14245c88890d2f36066d1aaf71486fde06",
          "version": "0.3.2"
        }
      },
      {
        "package": "Nimble",
        "repositoryURL": "https://github.com/Quick/Nimble.git",
        "state": {
          "branch": null,
          "revision": "1f3bde57bde12f5e7b07909848c071e9b73d6edc",
          "version": "10.0.0"
        }
      },
      {
        "package": "Quick",
        "repositoryURL": "https://github.com/Quick/Quick.git",
        "state": {
          "branch": null,
          "revision": "f9d519828bb03dfc8125467d8f7b93131951124c",
          "version": "5.0.1"
        }
      }
    ]
  },
  "version": 1
}
